
Microsoft Visual Studio Solution File, Format Version 12.00
# Visual Studio Version 16
VisualStudioVersion = 16.0.30907.101
MinimumVisualStudioVersion = 10.0.40219.1
Project("{9A19103F-16F7-4668-BE54-9A1E7A4F7556}") = "CV_Generator.Domain", "CV_Generator\CV_Generator.Domain\CV_Generator.Domain.csproj", "{993702E1-74E3-45BD-87DE-4EA7FEF1A620}"
EndProject
Project("{FAE04EC0-301F-11D3-BF4B-00C04F79EFBC}") = "CV_Generator.Prueba", "CV_Generator_Prueba\CV_Generator.Prueba.csproj", "{304DFA52-88AE-476B-9B65-D3FD31EE19FD}"
EndProject
Global
	GlobalSection(SolutionConfigurationPlatforms) = preSolution
		Debug|Any CPU = Debug|Any CPU
		Release|Any CPU = Release|Any CPU
	EndGlobalSection
	GlobalSection(ProjectConfigurationPlatforms) = postSolution
		{993702E1-74E3-45BD-87DE-4EA7FEF1A620}.Debug|Any CPU.ActiveCfg = Debug|Any CPU
		{993702E1-74E3-45BD-87DE-4EA7FEF1A620}.Debug|Any CPU.Build.0 = Debug|Any CPU
		{993702E1-74E3-45BD-87DE-4EA7FEF1A620}.Release|Any CPU.ActiveCfg = Release|Any CPU
		{993702E1-74E3-45BD-87DE-4EA7FEF1A620}.Release|Any CPU.Build.0 = Release|Any CPU
		{304DFA52-88AE-476B-9B65-D3FD31EE19FD}.Debug|Any CPU.ActiveCfg = Debug|Any CPU
		{304DFA52-88AE-476B-9B65-D3FD31EE19FD}.Debug|Any CPU.Build.0 = Debug|Any CPU
		{304DFA52-88AE-476B-9B65-D3FD31EE19FD}.Release|Any CPU.ActiveCfg = Release|Any CPU
		{304DFA52-88AE-476B-9B65-D3FD31EE19FD}.Release|Any CPU.Build.0 = Release|Any CPU
	EndGlobalSection
	GlobalSection(SolutionProperties) = preSolution
		HideSolutionNode = FALSE
	EndGlobalSection
	GlobalSection(ExtensibilityGlobals) = postSolution
		SolutionGuid = {D9DDBBF4-40EB-4C48-9CDB-F1842825C1C3}
	EndGlobalSection
EndGlobal
